
Microsoft Visual Studio Solution File, Format Version 12.00
Project("{FAE04EC0-301F-11D3-BF4B-00C04F79EFBC}") = "AlgorithmDemo", "AlgorithmDemo\AlgorithmDemo.csproj", "{1235646F-9FCB-4012-9E69-535F35B62222}"
EndProject
Global
	GlobalSection(SolutionConfigurationPlatforms) = preSolution
		Debug|Any CPU = Debug|Any CPU
		Release|Any CPU = Release|Any CPU
	EndGlobalSection
	GlobalSection(ProjectConfigurationPlatforms) = postSolution
		{1235646F-9FCB-4012-9E69-535F35B62222}.Debug|Any CPU.ActiveCfg = Debug|Any CPU
		{1235646F-9FCB-4012-9E69-535F35B62222}.Debug|Any CPU.Build.0 = Debug|Any CPU
		{1235646F-9FCB-4012-9E69-535F35B62222}.Release|Any CPU.ActiveCfg = Release|Any CPU
		{1235646F-9FCB-4012-9E69-535F35B62222}.Release|Any CPU.Build.0 = Release|Any CPU
	EndGlobalSection
EndGlobal
